hash: af89ca0d1b5cd5b492f591521216a0596c755af58b8a565a09ab76326b7ca933
updated: 2018-01-12T10:52:45.172198Z
imports:
- name: cloud.google.com/go
  version: 050b16d2314d5fc3d4c9a51e4cd5c7468e77f162
  subpackages:
  - compute/metadata
  - iam
  - internal
  - internal/optional
  - internal/version
  - storage
- name: github.com/abcum/bump
  version: 8c43cce06105894a9b74f89a79ca62ba8e365cf7
- name: github.com/abcum/ptree
  version: 474d875024a90dd50bfc66afaf2a35a4447afc44
- name: github.com/abcum/syncr
  version: 76d86536887a385eff351b1850106badc958db70
  subpackages:
  - file
  - gcs
  - logr
  - s3
- name: github.com/abcum/tlist
  version: 6c74cef6e6785964f5984f7ff480148aa5f9e679
- name: github.com/aws/aws-sdk-go
  version: 726cba4d63d34a7055809986b7942c3eae6c4eb2
  subpackages:
  - aws
  - aws/awserr
  - aws/awsutil
  - aws/client
  - aws/client/metadata
  - aws/corehandlers
  - aws/credentials
  - aws/credentials/ec2rolecreds
  - aws/credentials/endpointcreds
  - aws/credentials/stscreds
  - aws/defaults
  - aws/ec2metadata
  - aws/endpoints
  - aws/request
  - aws/session
  - aws/signer/v4
  - internal/shareddefaults
  - private/protocol
  - private/protocol/query
  - private/protocol/query/queryutil
  - private/protocol/rest
  - private/protocol/restxml
  - private/protocol/xml/xmlutil
  - service/s3
  - service/s3/s3iface
  - service/s3/s3manager
  - service/sts
- name: github.com/go-ini/ini
  version: 32e4c1e6bc4e7d0d8451aa6b75200d19e37a536a
- name: github.com/golang/protobuf
  version: 1e59b77b52bf8e4b449a57e6f79f21226d571845
  subpackages:
  - proto
  - protoc-gen-go/descriptor
  - ptypes
  - ptypes/any
  - ptypes/duration
  - ptypes/timestamp
- name: github.com/googleapis/gax-go
  version: 317e0006254c44a0ac427cc52a0e083ff0b9622f
- name: github.com/jmespath/go-jmespath
  version: dd801d4f4ce7ac746e7e7b4489d2fa600b3b096b
- name: golang.org/x/net
  version: 5ccada7d0a7ba9aeb5d3aca8d3501b4c2a509fec
  subpackages:
  - context
  - context/ctxhttp
  - http2
  - http2/hpack
  - idna
  - internal/timeseries
  - lex/httplex
  - trace
- name: golang.org/x/oauth2
  version: 30785a2c434e431ef7c507b54617d6a951d5f2b4
  subpackages:
  - google
  - internal
  - jws
  - jwt
- name: golang.org/x/text
  version: e19ae1496984b1c655b8044a65c0300a3c878dd3
  subpackages:
  - secure/bidirule
  - transform
  - unicode/bidi
  - unicode/norm
- name: google.golang.org/api
  version: 37df4fabefb044819e927f44b8487d4cd926d06c
  subpackages:
  - gensupport
  - googleapi
  - googleapi/internal/uritemplates
  - googleapi/transport
  - internal
  - iterator
  - option
  - storage/v1
  - transport/http
- name: google.golang.org/appengine
  version: 5bee14b453b4c71be47ec1781b0fa61c2ea182db
  subpackages:
  - internal
  - internal/app_identity
  - internal/base
  - internal/datastore
  - internal/log
  - internal/modules
  - internal/remote_api
  - internal/urlfetch
  - urlfetch
- name: google.golang.org/genproto
  version: a8101f21cf983e773d0c1133ebc5424792003214
  subpackages:
  - googleapis/api/annotations
  - googleapis/iam/v1
  - googleapis/rpc/status
- name: google.golang.org/grpc
  version: 1cd234627e6f392ade0527d593eb3fe53e832d4a
  subpackages:
  - balancer
  - balancer/base
  - balancer/roundrobin
  - codes
  - connectivity
  - credentials
  - encoding
  - grpclb/grpc_lb_v1/messages
  - grpclog
  - internal
  - keepalive
  - metadata
  - naming
  - peer
  - resolver
  - resolver/dns
  - resolver/passthrough
  - stats
  - status
  - tap
  - transport
testImports:
- name: github.com/gopherjs/gopherjs
  version: 444abdf920945de5d4a977b572bcc6c674d1e4eb
  subpackages:
  - js
- name: github.com/jtolds/gls
  version: 77f18212c9c7edc9bd6a33d383a7b545ce62f064
- name: github.com/smartystreets/assertions
  version: 0b37b35ec7434b77e77a4bb29b79677cced992ea
  subpackages:
  - internal/go-render/render
  - internal/oglematchers
- name: github.com/smartystreets/goconvey
  version: 9e8dc3f972df6c8fcc0375ef492c24d0bb204857
  subpackages:
  - convey
  - convey/gotest
  - convey/reporting
